
Microsoft Visual Studio Solution File, Format Version 12.00
Project("{FAE04EC0-301F-11D3-BF4B-00C04F79EFBC}") = "SchoolApp", "SchoolApp\SchoolApp.csproj", "{8969BBA8-3665-4A17-99F3-C6D8408D1522}"
EndProject
Global
	GlobalSection(SolutionConfigurationPlatforms) = preSolution
		Debug|Any CPU = Debug|Any CPU
		Release|Any CPU = Release|Any CPU
	EndGlobalSection
	GlobalSection(ProjectConfigurationPlatforms) = postSolution
		{8969BBA8-3665-4A17-99F3-C6D8408D1522}.Debug|Any CPU.ActiveCfg = Debug|Any CPU
		{8969BBA8-3665-4A17-99F3-C6D8408D1522}.Debug|Any CPU.Build.0 = Debug|Any CPU
		{8969BBA8-3665-4A17-99F3-C6D8408D1522}.Release|Any CPU.ActiveCfg = Release|Any CPU
		{8969BBA8-3665-4A17-99F3-C6D8408D1522}.Release|Any CPU.Build.0 = Release|Any CPU
	EndGlobalSection
EndGlobal
